
Microsoft Visual Studio Solution File, Format Version 12.00
# Visual Studio 15
VisualStudioVersion = 15.0.28010.2016
MinimumVisualStudioVersion = 10.0.40219.1
Project("{FAE04EC0-301F-11D3-BF4B-00C04F79EFBC}") = "opdracht_6.13_v2", "opdracht_6.13_v2\opdracht_6.13_v2.csproj", "{EE1A496D-3C74-47BE-9567-FB9F21900D2C}"
EndProject
Global
	GlobalSection(SolutionConfigurationPlatforms) = preSolution
		Debug|Any CPU = Debug|Any CPU
		Release|Any CPU = Release|Any CPU
	EndGlobalSection
	GlobalSection(ProjectConfigurationPlatforms) = postSolution
		{EE1A496D-3C74-47BE-9567-FB9F21900D2C}.Debug|Any CPU.ActiveCfg = Debug|Any CPU
		{EE1A496D-3C74-47BE-9567-FB9F21900D2C}.Debug|Any CPU.Build.0 = Debug|Any CPU
		{EE1A496D-3C74-47BE-9567-FB9F21900D2C}.Release|Any CPU.ActiveCfg = Release|Any CPU
		{EE1A496D-3C74-47BE-9567-FB9F21900D2C}.Release|Any CPU.Build.0 = Release|Any CPU
	EndGlobalSection
	GlobalSection(SolutionProperties) = preSolution
		HideSolutionNode = FALSE
	EndGlobalSection
	GlobalSection(ExtensibilityGlobals) = postSolution
		SolutionGuid = {24973227-8D2D-4970-9F01-BC0FA03E2906}
	EndGlobalSection
EndGlobal
