
Microsoft Visual Studio Solution File, Format Version 12.00
# Visual Studio 15
VisualStudioVersion = 15.0.28307.106
MinimumVisualStudioVersion = 10.0.40219.1
Project("{FAE04EC0-301F-11D3-BF4B-00C04F79EFBC}") = "6.6", "6.6\6.6.csproj", "{946CE162-710B-43F4-A7B1-56C6BBBE159A}"
EndProject
Global
	GlobalSection(SolutionConfigurationPlatforms) = preSolution
		Debug|Any CPU = Debug|Any CPU
		Release|Any CPU = Release|Any CPU
	EndGlobalSection
	GlobalSection(ProjectConfigurationPlatforms) = postSolution
		{946CE162-710B-43F4-A7B1-56C6BBBE159A}.Debug|Any CPU.ActiveCfg = Debug|Any CPU
		{946CE162-710B-43F4-A7B1-56C6BBBE159A}.Debug|Any CPU.Build.0 = Debug|Any CPU
		{946CE162-710B-43F4-A7B1-56C6BBBE159A}.Release|Any CPU.ActiveCfg = Release|Any CPU
		{946CE162-710B-43F4-A7B1-56C6BBBE159A}.Release|Any CPU.Build.0 = Release|Any CPU
	EndGlobalSection
	GlobalSection(SolutionProperties) = preSolution
		HideSolutionNode = FALSE
	EndGlobalSection
	GlobalSection(ExtensibilityGlobals) = postSolution
		SolutionGuid = {B2D6201A-7421-4522-AE43-F8CBD9B24DA9}
	EndGlobalSection
EndGlobal
