
Microsoft Visual Studio Solution File, Format Version 12.00
# Visual Studio 15
VisualStudioVersion = 15.0.28307.106
MinimumVisualStudioVersion = 10.0.40219.1
Project("{FAE04EC0-301F-11D3-BF4B-00C04F79EFBC}") = "8.4", "8.4\8.4.csproj", "{50844491-7A51-441B-A97B-E57736D50BEB}"
EndProject
Global
	GlobalSection(SolutionConfigurationPlatforms) = preSolution
		Debug|Any CPU = Debug|Any CPU
		Release|Any CPU = Release|Any CPU
	EndGlobalSection
	GlobalSection(ProjectConfigurationPlatforms) = postSolution
		{50844491-7A51-441B-A97B-E57736D50BEB}.Debug|Any CPU.ActiveCfg = Debug|Any CPU
		{50844491-7A51-441B-A97B-E57736D50BEB}.Debug|Any CPU.Build.0 = Debug|Any CPU
		{50844491-7A51-441B-A97B-E57736D50BEB}.Release|Any CPU.ActiveCfg = Release|Any CPU
		{50844491-7A51-441B-A97B-E57736D50BEB}.Release|Any CPU.Build.0 = Release|Any CPU
	EndGlobalSection
	GlobalSection(SolutionProperties) = preSolution
		HideSolutionNode = FALSE
	EndGlobalSection
	GlobalSection(ExtensibilityGlobals) = postSolution
		SolutionGuid = {0886C6F1-B705-4FD9-B6EC-3ACC668A3631}
	EndGlobalSection
EndGlobal
