
Microsoft Visual Studio Solution File, Format Version 12.00
# Visual Studio 15
VisualStudioVersion = 15.0.28307.106
MinimumVisualStudioVersion = 10.0.40219.1
Project("{FAE04EC0-301F-11D3-BF4B-00C04F79EFBC}") = "6.8", "6.8\6.8.csproj", "{90DC25AC-F7AA-43EA-8D78-4733C752C68B}"
EndProject
Global
	GlobalSection(SolutionConfigurationPlatforms) = preSolution
		Debug|Any CPU = Debug|Any CPU
		Release|Any CPU = Release|Any CPU
	EndGlobalSection
	GlobalSection(ProjectConfigurationPlatforms) = postSolution
		{90DC25AC-F7AA-43EA-8D78-4733C752C68B}.Debug|Any CPU.ActiveCfg = Debug|Any CPU
		{90DC25AC-F7AA-43EA-8D78-4733C752C68B}.Debug|Any CPU.Build.0 = Debug|Any CPU
		{90DC25AC-F7AA-43EA-8D78-4733C752C68B}.Release|Any CPU.ActiveCfg = Release|Any CPU
		{90DC25AC-F7AA-43EA-8D78-4733C752C68B}.Release|Any CPU.Build.0 = Release|Any CPU
	EndGlobalSection
	GlobalSection(SolutionProperties) = preSolution
		HideSolutionNode = FALSE
	EndGlobalSection
	GlobalSection(ExtensibilityGlobals) = postSolution
		SolutionGuid = {23DB1831-CA19-4826-A262-EC8B9175FDFD}
	EndGlobalSection
EndGlobal
