
Microsoft Visual Studio Solution File, Format Version 12.00
# Visual Studio 15
VisualStudioVersion = 15.0.28010.2016
MinimumVisualStudioVersion = 10.0.40219.1
Project("{FAE04EC0-301F-11D3-BF4B-00C04F79EFBC}") = "opdracht_6.4", "opdracht_6.4\opdracht_6.4.csproj", "{70C9047D-F0F9-44B3-AFC7-FDD8C1E489FD}"
EndProject
Global
	GlobalSection(SolutionConfigurationPlatforms) = preSolution
		Debug|Any CPU = Debug|Any CPU
		Release|Any CPU = Release|Any CPU
	EndGlobalSection
	GlobalSection(ProjectConfigurationPlatforms) = postSolution
		{70C9047D-F0F9-44B3-AFC7-FDD8C1E489FD}.Debug|Any CPU.ActiveCfg = Debug|Any CPU
		{70C9047D-F0F9-44B3-AFC7-FDD8C1E489FD}.Debug|Any CPU.Build.0 = Debug|Any CPU
		{70C9047D-F0F9-44B3-AFC7-FDD8C1E489FD}.Release|Any CPU.ActiveCfg = Release|Any CPU
		{70C9047D-F0F9-44B3-AFC7-FDD8C1E489FD}.Release|Any CPU.Build.0 = Release|Any CPU
	EndGlobalSection
	GlobalSection(SolutionProperties) = preSolution
		HideSolutionNode = FALSE
	EndGlobalSection
	GlobalSection(ExtensibilityGlobals) = postSolution
		SolutionGuid = {24D13982-C5E4-4C93-8004-4ABBCB888529}
	EndGlobalSection
EndGlobal
