
Microsoft Visual Studio Solution File, Format Version 12.00
# Visual Studio 15
VisualStudioVersion = 15.0.28010.2016
MinimumVisualStudioVersion = 10.0.40219.1
Project("{FAE04EC0-301F-11D3-BF4B-00C04F79EFBC}") = "Opdracht_6.5", "Opdracht_6.5\Opdracht_6.5.csproj", "{6F9FA571-B120-4FEB-8062-E283C352B925}"
EndProject
Global
	GlobalSection(SolutionConfigurationPlatforms) = preSolution
		Debug|Any CPU = Debug|Any CPU
		Release|Any CPU = Release|Any CPU
	EndGlobalSection
	GlobalSection(ProjectConfigurationPlatforms) = postSolution
		{6F9FA571-B120-4FEB-8062-E283C352B925}.Debug|Any CPU.ActiveCfg = Debug|Any CPU
		{6F9FA571-B120-4FEB-8062-E283C352B925}.Debug|Any CPU.Build.0 = Debug|Any CPU
		{6F9FA571-B120-4FEB-8062-E283C352B925}.Release|Any CPU.ActiveCfg = Release|Any CPU
		{6F9FA571-B120-4FEB-8062-E283C352B925}.Release|Any CPU.Build.0 = Release|Any CPU
	EndGlobalSection
	GlobalSection(SolutionProperties) = preSolution
		HideSolutionNode = FALSE
	EndGlobalSection
	GlobalSection(ExtensibilityGlobals) = postSolution
		SolutionGuid = {10138E90-3E64-4277-A9A1-AA4A4987F4A5}
	EndGlobalSection
EndGlobal
