
Microsoft Visual Studio Solution File, Format Version 12.00
# Visual Studio 15
VisualStudioVersion = 15.0.28307.106
MinimumVisualStudioVersion = 10.0.40219.1
Project("{FAE04EC0-301F-11D3-BF4B-00C04F79EFBC}") = "6.14", "6.14\6.14.csproj", "{18B83829-D1D6-4258-9D89-F09FAF4A2794}"
EndProject
Global
	GlobalSection(SolutionConfigurationPlatforms) = preSolution
		Debug|Any CPU = Debug|Any CPU
		Release|Any CPU = Release|Any CPU
	EndGlobalSection
	GlobalSection(ProjectConfigurationPlatforms) = postSolution
		{18B83829-D1D6-4258-9D89-F09FAF4A2794}.Debug|Any CPU.ActiveCfg = Debug|Any CPU
		{18B83829-D1D6-4258-9D89-F09FAF4A2794}.Debug|Any CPU.Build.0 = Debug|Any CPU
		{18B83829-D1D6-4258-9D89-F09FAF4A2794}.Release|Any CPU.ActiveCfg = Release|Any CPU
		{18B83829-D1D6-4258-9D89-F09FAF4A2794}.Release|Any CPU.Build.0 = Release|Any CPU
	EndGlobalSection
	GlobalSection(SolutionProperties) = preSolution
		HideSolutionNode = FALSE
	EndGlobalSection
	GlobalSection(ExtensibilityGlobals) = postSolution
		SolutionGuid = {BEFB9423-F540-447C-9E9D-22C34E41792F}
	EndGlobalSection
EndGlobal
